
Microsoft Visual Studio Solution File, Format Version 12.00
# Visual Studio 15
VisualStudioVersion = 15.0.26430.12
MinimumVisualStudioVersion = 10.0.40219.1
Project("{FAE04EC0-301F-11D3-BF4B-00C04F79EFBC}") = "PDF_Creator", "PDF_Creator\PDF_Creator.csproj", "{859E847C-49A1-4143-A4EA-45B0D04CE906}"
EndProject
Global
	GlobalSection(SolutionConfigurationPlatforms) = preSolution
		Debug|ARM = Debug|ARM
		Debug|x64 = Debug|x64
		Debug|x86 = Debug|x86
		Release|ARM = Release|ARM
		Release|x64 = Release|x64
		Release|x86 = Release|x86
	EndGlobalSection
	GlobalSection(ProjectConfigurationPlatforms) = postSolution
		{859E847C-49A1-4143-A4EA-45B0D04CE906}.Debug|ARM.ActiveCfg = Debug|ARM
		{859E847C-49A1-4143-A4EA-45B0D04CE906}.Debug|ARM.Build.0 = Debug|ARM
		{859E847C-49A1-4143-A4EA-45B0D04CE906}.Debug|ARM.Deploy.0 = Debug|ARM
		{859E847C-49A1-4143-A4EA-45B0D04CE906}.Debug|x64.ActiveCfg = Debug|x64
		{859E847C-49A1-4143-A4EA-45B0D04CE906}.Debug|x64.Build.0 = Debug|x64
		{859E847C-49A1-4143-A4EA-45B0D04CE906}.Debug|x64.Deploy.0 = Debug|x64
		{859E847C-49A1-4143-A4EA-45B0D04CE906}.Debug|x86.ActiveCfg = Debug|x86
		{859E847C-49A1-4143-A4EA-45B0D04CE906}.Debug|x86.Build.0 = Debug|x86
		{859E847C-49A1-4143-A4EA-45B0D04CE906}.Debug|x86.Deploy.0 = Debug|x86
		{859E847C-49A1-4143-A4EA-45B0D04CE906}.Release|ARM.ActiveCfg = Release|ARM
		{859E847C-49A1-4143-A4EA-45B0D04CE906}.Release|ARM.Build.0 = Release|ARM
		{859E847C-49A1-4143-A4EA-45B0D04CE906}.Release|ARM.Deploy.0 = Release|ARM
		{859E847C-49A1-4143-A4EA-45B0D04CE906}.Release|x64.ActiveCfg = Release|x64
		{859E847C-49A1-4143-A4EA-45B0D04CE906}.Release|x64.Build.0 = Release|x64
		{859E847C-49A1-4143-A4EA-45B0D04CE906}.Release|x64.Deploy.0 = Release|x64
		{859E847C-49A1-4143-A4EA-45B0D04CE906}.Release|x86.ActiveCfg = Release|x86
		{859E847C-49A1-4143-A4EA-45B0D04CE906}.Release|x86.Build.0 = Release|x86
		{859E847C-49A1-4143-A4EA-45B0D04CE906}.Release|x86.Deploy.0 = Release|x86
	EndGlobalSection
	GlobalSection(SolutionProperties) = preSolution
		HideSolutionNode = FALSE
	EndGlobalSection
EndGlobal
